
Microsoft Visual Studio Solution File, Format Version 12.00
# Visual Studio Version 16
VisualStudioVersion = 16.0.31729.503
MinimumVisualStudioVersion = 10.0.40219.1
Project("{FAE04EC0-301F-11D3-BF4B-00C04F79EFBC}") = "TuzzaMAratona", "TuzzaMAratona\TuzzaMAratona.csproj", "{0542BEDD-65F4-428D-A082-33706F8DE9B5}"
EndProject
Global
	GlobalSection(SolutionConfigurationPlatforms) = preSolution
		Debug|Any CPU = Debug|Any CPU
		Release|Any CPU = Release|Any CPU
	EndGlobalSection
	GlobalSection(ProjectConfigurationPlatforms) = postSolution
		{0542BEDD-65F4-428D-A082-33706F8DE9B5}.Debug|Any CPU.ActiveCfg = Debug|Any CPU
		{0542BEDD-65F4-428D-A082-33706F8DE9B5}.Debug|Any CPU.Build.0 = Debug|Any CPU
		{0542BEDD-65F4-428D-A082-33706F8DE9B5}.Release|Any CPU.ActiveCfg = Release|Any CPU
		{0542BEDD-65F4-428D-A082-33706F8DE9B5}.Release|Any CPU.Build.0 = Release|Any CPU
	EndGlobalSection
	GlobalSection(SolutionProperties) = preSolution
		HideSolutionNode = FALSE
	EndGlobalSection
	GlobalSection(ExtensibilityGlobals) = postSolution
		SolutionGuid = {A26ED046-61F4-4B7E-9C51-D65C66786EA5}
	EndGlobalSection
EndGlobal
